
Microsoft Visual Studio Solution File, Format Version 12.00
# Visual Studio Version 17
VisualStudioVersion = 17.0.31903.59
MinimumVisualStudioVersion = 10.0.40219.1
Project("{2150E333-8FDC-42A3-9474-1A3956D46DE8}") = "src", "src", "{827E0CD3-B72D-47B6-A68D-7590B98EB39B}"
EndProject
Project("{FAE04EC0-301F-11D3-BF4B-00C04F79EFBC}") = "Ordering.Domain", "src\Ordering.Domain\Ordering.Domain.csproj", "{63009367-7EB2-4292-8DDB-C19D5A83B08B}"
EndProject
Project("{FAE04EC0-301F-11D3-BF4B-00C04F79EFBC}") = "Ordering.Application", "src\Ordering.Application\Ordering.Application.csproj", "{70397B10-F271-4BC7-A8F9-9A053D8E3840}"
EndProject
Project("{FAE04EC0-301F-11D3-BF4B-00C04F79EFBC}") = "Ordering.Infrastructure", "src\Ordering.Infrastructure\Ordering.Infrastructure.csproj", "{708E0CA5-7FE1-49CD-BEDE-DBA6F299E0E8}"
EndProject
Project("{FAE04EC0-301F-11D3-BF4B-00C04F79EFBC}") = "Ordering.Api", "src\Ordering.Api\Ordering.Api.csproj", "{0E0F870F-59A5-4D09-B407-0EBB81C4A9F1}"
EndProject
Project("{FAE04EC0-301F-11D3-BF4B-00C04F79EFBC}") = "Ordering.UnitTests", "tests\Ordering.UnitTests\Ordering.UnitTests.csproj", "{F85BE451-D4E7-4055-A222-28CBDF98E286}"
EndProject
Project("{FAE04EC0-301F-11D3-BF4B-00C04F79EFBC}") = "Ordering.IntegrationTests", "tests\Ordering.IntegrationTests\Ordering.IntegrationTests.csproj", "{54829AB8-6076-4C02-9A21-82781C7FE116}"
EndProject
Global
	GlobalSection(SolutionConfigurationPlatforms) = preSolution
		Debug|Any CPU = Debug|Any CPU
		Debug|x64 = Debug|x64
		Debug|x86 = Debug|x86
		Release|Any CPU = Release|Any CPU
		Release|x64 = Release|x64
		Release|x86 = Release|x86
	EndGlobalSection
	GlobalSection(ProjectConfigurationPlatforms) = postSolution
		{63009367-7EB2-4292-8DDB-C19D5A83B08B}.Debug|Any CPU.ActiveCfg = Debug|Any CPU
		{63009367-7EB2-4292-8DDB-C19D5A83B08B}.Debug|Any CPU.Build.0 = Debug|Any CPU
		{63009367-7EB2-4292-8DDB-C19D5A83B08B}.Debug|x64.ActiveCfg = Debug|Any CPU
		{63009367-7EB2-4292-8DDB-C19D5A83B08B}.Debug|x64.Build.0 = Debug|Any CPU
		{63009367-7EB2-4292-8DDB-C19D5A83B08B}.Debug|x86.ActiveCfg = Debug|Any CPU
		{63009367-7EB2-4292-8DDB-C19D5A83B08B}.Debug|x86.Build.0 = Debug|Any CPU
		{63009367-7EB2-4292-8DDB-C19D5A83B08B}.Release|Any CPU.ActiveCfg = Release|Any CPU
		{63009367-7EB2-4292-8DDB-C19D5A83B08B}.Release|Any CPU.Build.0 = Release|Any CPU
		{63009367-7EB2-4292-8DDB-C19D5A83B08B}.Release|x64.ActiveCfg = Release|Any CPU
		{63009367-7EB2-4292-8DDB-C19D5A83B08B}.Release|x64.Build.0 = Release|Any CPU
		{63009367-7EB2-4292-8DDB-C19D5A83B08B}.Release|x86.ActiveCfg = Release|Any CPU
		{63009367-7EB2-4292-8DDB-C19D5A83B08B}.Release|x86.Build.0 = Release|Any CPU
		{70397B10-F271-4BC7-A8F9-9A053D8E3840}.Debug|Any CPU.ActiveCfg = Debug|Any CPU
		{70397B10-F271-4BC7-A8F9-9A053D8E3840}.Debug|Any CPU.Build.0 = Debug|Any CPU
		{70397B10-F271-4BC7-A8F9-9A053D8E3840}.Debug|x64.ActiveCfg = Debug|Any CPU
		{70397B10-F271-4BC7-A8F9-9A053D8E3840}.Debug|x64.Build.0 = Debug|Any CPU
		{70397B10-F271-4BC7-A8F9-9A053D8E3840}.Debug|x86.ActiveCfg = Debug|Any CPU
		{70397B10-F271-4BC7-A8F9-9A053D8E3840}.Debug|x86.Build.0 = Debug|Any CPU
		{70397B10-F271-4BC7-A8F9-9A053D8E3840}.Release|Any CPU.ActiveCfg = Release|Any CPU
		{70397B10-F271-4BC7-A8F9-9A053D8E3840}.Release|Any CPU.Build.0 = Release|Any CPU
		{70397B10-F271-4BC7-A8F9-9A053D8E3840}.Release|x64.ActiveCfg = Release|Any CPU
		{70397B10-F271-4BC7-A8F9-9A053D8E3840}.Release|x64.Build.0 = Release|Any CPU
		{70397B10-F271-4BC7-A8F9-9A053D8E3840}.Release|x86.ActiveCfg = Release|Any CPU
		{70397B10-F271-4BC7-A8F9-9A053D8E3840}.Release|x86.Build.0 = Release|Any CPU
		{708E0CA5-7FE1-49CD-BEDE-DBA6F299E0E8}.Debug|Any CPU.ActiveCfg = Debug|Any CPU
		{708E0CA5-7FE1-49CD-BEDE-DBA6F299E0E8}.Debug|Any CPU.Build.0 = Debug|Any CPU
		{708E0CA5-7FE1-49CD-BEDE-DBA6F299E0E8}.Debug|x64.ActiveCfg = Debug|Any CPU
		{708E0CA5-7FE1-49CD-BEDE-DBA6F299E0E8}.Debug|x64.Build.0 = Debug|Any CPU
		{708E0CA5-7FE1-49CD-BEDE-DBA6F299E0E8}.Debug|x86.ActiveCfg = Debug|Any CPU
		{708E0CA5-7FE1-49CD-BEDE-DBA6F299E0E8}.Debug|x86.Build.0 = Debug|Any CPU
		{708E0CA5-7FE1-49CD-BEDE-DBA6F299E0E8}.Release|Any CPU.ActiveCfg = Release|Any CPU
		{708E0CA5-7FE1-49CD-BEDE-DBA6F299E0E8}.Release|Any CPU.Build.0 = Release|Any CPU
		{708E0CA5-7FE1-49CD-BEDE-DBA6F299E0E8}.Release|x64.ActiveCfg = Release|Any CPU
		{708E0CA5-7FE1-49CD-BEDE-DBA6F299E0E8}.Release|x64.Build.0 = Release|Any CPU
		{708E0CA5-7FE1-49CD-BEDE-DBA6F299E0E8}.Release|x86.ActiveCfg = Release|Any CPU
		{708E0CA5-7FE1-49CD-BEDE-DBA6F299E0E8}.Release|x86.Build.0 = Release|Any CPU
		{0E0F870F-59A5-4D09-B407-0EBB81C4A9F1}.Debug|Any CPU.ActiveCfg = Debug|Any CPU
		{0E0F870F-59A5-4D09-B407-0EBB81C4A9F1}.Debug|Any CPU.Build.0 = Debug|Any CPU
		{0E0F870F-59A5-4D09-B407-0EBB81C4A9F1}.Debug|x64.ActiveCfg = Debug|Any CPU
		{0E0F870F-59A5-4D09-B407-0EBB81C4A9F1}.Debug|x64.Build.0 = Debug|Any CPU
		{0E0F870F-59A5-4D09-B407-0EBB81C4A9F1}.Debug|x86.ActiveCfg = Debug|Any CPU
		{0E0F870F-59A5-4D09-B407-0EBB81C4A9F1}.Debug|x86.Build.0 = Debug|Any CPU
		{0E0F870F-59A5-4D09-B407-0EBB81C4A9F1}.Release|Any CPU.ActiveCfg = Release|Any CPU
		{0E0F870F-59A5-4D09-B407-0EBB81C4A9F1}.Release|Any CPU.Build.0 = Release|Any CPU
		{0E0F870F-59A5-4D09-B407-0EBB81C4A9F1}.Release|x64.ActiveCfg = Release|Any CPU
		{0E0F870F-59A5-4D09-B407-0EBB81C4A9F1}.Release|x64.Build.0 = Release|Any CPU
		{0E0F870F-59A5-4D09-B407-0EBB81C4A9F1}.Release|x86.ActiveCfg = Release|Any CPU
		{0E0F870F-59A5-4D09-B407-0EBB81C4A9F1}.Release|x86.Build.0 = Release|Any CPU
		{F85BE451-D4E7-4055-A222-28CBDF98E286}.Debug|Any CPU.ActiveCfg = Debug|Any CPU
		{F85BE451-D4E7-4055-A222-28CBDF98E286}.Debug|Any CPU.Build.0 = Debug|Any CPU
		{F85BE451-D4E7-4055-A222-28CBDF98E286}.Debug|x64.ActiveCfg = Debug|Any CPU
		{F85BE451-D4E7-4055-A222-28CBDF98E286}.Debug|x64.Build.0 = Debug|Any CPU
		{F85BE451-D4E7-4055-A222-28CBDF98E286}.Debug|x86.ActiveCfg = Debug|Any CPU
		{F85BE451-D4E7-4055-A222-28CBDF98E286}.Debug|x86.Build.0 = Debug|Any CPU
		{F85BE451-D4E7-4055-A222-28CBDF98E286}.Release|Any CPU.ActiveCfg = Release|Any CPU
		{F85BE451-D4E7-4055-A222-28CBDF98E286}.Release|Any CPU.Build.0 = Release|Any CPU
		{F85BE451-D4E7-4055-A222-28CBDF98E286}.Release|x64.ActiveCfg = Release|Any CPU
		{F85BE451-D4E7-4055-A222-28CBDF98E286}.Release|x64.Build.0 = Release|Any CPU
		{F85BE451-D4E7-4055-A222-28CBDF98E286}.Release|x86.ActiveCfg = Release|Any CPU
		{F85BE451-D4E7-4055-A222-28CBDF98E286}.Release|x86.Build.0 = Release|Any CPU
		{54829AB8-6076-4C02-9A21-82781C7FE116}.Debug|Any CPU.ActiveCfg = Debug|Any CPU
		{54829AB8-6076-4C02-9A21-82781C7FE116}.Debug|Any CPU.Build.0 = Debug|Any CPU
		{54829AB8-6076-4C02-9A21-82781C7FE116}.Debug|x64.ActiveCfg = Debug|Any CPU
		{54829AB8-6076-4C02-9A21-82781C7FE116}.Debug|x64.Build.0 = Debug|Any CPU
		{54829AB8-6076-4C02-9A21-82781C7FE116}.Debug|x86.ActiveCfg = Debug|Any CPU
		{54829AB8-6076-4C02-9A21-82781C7FE116}.Debug|x86.Build.0 = Debug|Any CPU
		{54829AB8-6076-4C02-9A21-82781C7FE116}.Release|Any CPU.ActiveCfg = Release|Any CPU
		{54829AB8-6076-4C02-9A21-82781C7FE116}.Release|Any CPU.Build.0 = Release|Any CPU
		{54829AB8-6076-4C02-9A21-82781C7FE116}.Release|x64.ActiveCfg = Release|Any CPU
		{54829AB8-6076-4C02-9A21-82781C7FE116}.Release|x64.Build.0 = Release|Any CPU
		{54829AB8-6076-4C02-9A21-82781C7FE116}.Release|x86.ActiveCfg = Release|Any CPU
		{54829AB8-6076-4C02-9A21-82781C7FE116}.Release|x86.Build.0 = Release|Any CPU
	EndGlobalSection
	GlobalSection(SolutionProperties) = preSolution
		HideSolutionNode = FALSE
	EndGlobalSection
	GlobalSection(NestedProjects) = preSolution
		{63009367-7EB2-4292-8DDB-C19D5A83B08B} = {827E0CD3-B72D-47B6-A68D-7590B98EB39B}
		{70397B10-F271-4BC7-A8F9-9A053D8E3840} = {827E0CD3-B72D-47B6-A68D-7590B98EB39B}
		{708E0CA5-7FE1-49CD-BEDE-DBA6F299E0E8} = {827E0CD3-B72D-47B6-A68D-7590B98EB39B}
		{0E0F870F-59A5-4D09-B407-0EBB81C4A9F1} = {827E0CD3-B72D-47B6-A68D-7590B98EB39B}
		{F85BE451-D4E7-4055-A222-28CBDF98E286} = {827E0CD3-B72D-47B6-A68D-7590B98EB39B}
		{54829AB8-6076-4C02-9A21-82781C7FE116} = {827E0CD3-B72D-47B6-A68D-7590B98EB39B}
	EndGlobalSection
EndGlobal
